github.com/uhppoted/uhppote-core v0.8.4-0.20230216175650-be963131d496 h1:cRc3equKMdLtocEEAIqr4WSSxenS8OpVsEtfkgyGYCw=
github.com/uhppoted/uhppote-core v0.8.4-0.20230216175650-be963131d496/go.mod h1:q3xZZc7GMkCfpVnKNmdoZQDjvMHfPvH79VNai7HDH3s=
github.com/uhppoted/uhppote-core v0.8.4-0.20230310200819-ab269972ff1c h1:s5dqE9/gt+PzGX4k0P4QjrPWOiYQTkPPX38mkcoqglI=
github.com/uhppoted/uhppote-core v0.8.4-0.20230310200819-ab269972ff1c/go.mod h1:q3xZZc7GMkCfpVnKNmdoZQDjvMHfPvH79VNai7HDH3s=
github.com/uhppoted/uhppote-core v0.8.4-0.20230314173808-115adaf16b71 h1:Pf2pnfRVp2W5gbH7ENg7hU92ZzzX85MY9/qB1otiIxk=
github.com/uhppoted/uhppote-core v0.8.4-0.20230314173808-115adaf16b71/go.mod h1:q3xZZc7GMkCfpVnKNmdoZQDjvMHfPvH79VNai7HDH3s=
github.com/uhppoted/uhppote-core v0.8.4 h1:9bJgTej2xIGhYayLH7ZVHgxrmNyRVouUcd9diKEExHw=
github.com/uhppoted/uhppote-core v0.8.4/go.mod h1:q3xZZc7GMkCfpVnKNmdoZQDjvMHfPvH79VNai7HDH3s=
github.com/uhppoted/uhppote-core v0.8.5-0.20230323171731-26d6b35fc663 h1:uQg149umetub2/TdvBM/mqpJ9L5ptzvThCflWBUVQOQ=
github.com/uhppoted/uhppote-core v0.8.5-0.20230323171731-26d6b35fc663/go.mod h1:q3xZZc7GMkCfpVnKNmdoZQDjvMHfPvH79VNai7HDH3s=
github.com/uhppoted/uhppote-core v0.8.5-0.20230523192538-fcce3ed18ede h1:mO7T7GtqiTro7kXqZ3/wsrWfoi172FANXap4tqIhciI=
github.com/uhppoted/uhppote-core v0.8.5-0.20230523192538-fcce3ed18ede/go.mod h1:q3xZZc7GMkCfpVnKNmdoZQDjvMHfPvH79VNai7HDH3s=
github.com/uhppoted/uhppote-core v0.8.5-0.20230529200857-f0bca4a3988b h1:GES1j7OjRf6xPMPzDVeDlAS8EAQ1e9h6vDt/eBO/aPY=
github.com/uhppoted/uhppote-core v0.8.5-0.20230529200857-f0bca4a3988b/go.mod h1:q3xZZc7GMkCfpVnKNmdoZQDjvMHfPvH79VNai7HDH3s=
github.com/uhppoted/uhppote-core v0.8.5-0.20230613164149-bdc6a7d957cf h1:ZzfHhK5K2kKW13SyIf7ReAdTn15tgJlsUtSBCTsL2QU=
github.com/uhppoted/uhppote-core v0.8.5-0.20230613164149-bdc6a7d957cf/go.mod h1:q3xZZc7GMkCfpVnKNmdoZQDjvMHfPvH79VNai7HDH3s=
github.com/uhppoted/uhppote-core v0.8.5 h1:vkMtJ1+B7LK2Acx6T8Htc9J0NBh9qLHWKuEDHmZNVNE=
github.com/uhppoted/uhppote-core v0.8.5/go.mod h1:q3xZZc7GMkCfpVnKNmdoZQDjvMHfPvH79VNai7HDH3s=
github.com/uhppoted/uhppote-core v0.8.6-0.20230704172216-7b1de80f03b5 h1:CQoC06xqZJCBaG9adKcAngJ6rNes0t946ZwWdawRVFw=
github.com/uhppoted/uhppote-core v0.8.6-0.20230704172216-7b1de80f03b5/go.mod h1:q3xZZc7GMkCfpVnKNmdoZQDjvMHfPvH79VNai7HDH3s=
github.com/uhppoted/uhppote-core v0.8.6-0.20230714164141-912d472ef6df h1:HdvJy+Idu6E0xRdSeILN4qWt9iGfv7dM5KtoJisg8JA=
github.com/uhppoted/uhppote-core v0.8.6-0.20230714164141-912d472ef6df/go.mod h1:q3xZZc7GMkCfpVnKNmdoZQDjvMHfPvH79VNai7HDH3s=
github.com/uhppoted/uhppote-core v0.8.6-0.20230828171048-fbdd46934ad7 h1:Lbm7yVwxzS5qsS2lFhKB/W5h7csIpzEiBbmDFXWZkPY=
github.com/uhppoted/uhppote-core v0.8.6-0.20230828171048-fbdd46934ad7/go.mod h1:q3xZZc7GMkCfpVnKNmdoZQDjvMHfPvH79VNai7HDH3s=
github.com/uhppoted/uhppote-core v0.8.6 h1:uYtfCKPptYOxXYp8ckW2yIPjN6UWiF1uqQqvr86MNxE=
github.com/uhppoted/uhppote-core v0.8.6/go.mod h1:q3xZZc7GMkCfpVnKNmdoZQDjvMHfPvH79VNai7HDH3s=
github.com/uhppoted/uhppote-core v0.8.7-0.20230907181433-dd6f9fc71cb4 h1:idQAAHPkFluzSD0Swau1Fjj4/LQkI69frwQ+xgWNL2E=
github.com/uhppoted/uhppote-core v0.8.7-0.20230907181433-dd6f9fc71cb4/go.mod h1:q3xZZc7GMkCfpVnKNmdoZQDjvMHfPvH79VNai7HDH3s=
github.com/uhppoted/uhppote-core v0.8.7-0.20230918164143-32da3c8f0d91 h1:uSDn4ZMxLH4Qq4Bd+xkUDQgyIyRB2up0pgx2fC6WPJM=
github.com/uhppoted/uhppote-core v0.8.7-0.20230918164143-32da3c8f0d91/go.mod h1:q3xZZc7GMkCfpVnKNmdoZQDjvMHfPvH79VNai7HDH3s=
github.com/uhppoted/uhppote-core v0.8.7-0.20231024161310-ebe955f9d238 h1:l+56DX9qnwgxs6UYNkM0OxoxEVvxynlW8SG13dCVk5E=
github.com/uhppoted/uhppote-core v0.8.7-0.20231024161310-ebe955f9d238/go.mod h1:XDXzu5MxPhS7IqXQ1q3hY+KWiYDdLB4Gb7JUDcFqwgY=
github.com/uhppoted/uhppoted-lib v0.8.4-0.20230310200916-306486b2955c h1:HnVbHbJZVUAgj3KCOzqh9eMRYnjeLbKMJbGSfB8eVrY=
github.com/uhppoted/uhppoted-lib v0.8.4-0.20230310200916-306486b2955c/go.mod h1:epb+vO0AssQCN7Cy5pcZ5E3173OfFqXFV+gyLrmQDtM=
github.com/uhppoted/uhppoted-lib v0.8.4-0.20230314174701-2cbea1b37c20 h1:Ax+Xpx51lksyU2wpBm7OfZH0IUT+nCylne/3C4Dh2ZI=
github.com/uhppoted/uhppoted-lib v0.8.4-0.20230314174701-2cbea1b37c20/go.mod h1:Qg11921nzvS9roYG7aOOflsBI5F0nIJ1VpxqSSanvj8=
github.com/uhppoted/uhppoted-lib v0.8.4 h1:rAt5kf1o8YAcnNZUW6V/uSm+9CNYzQy6xL7ASggebB8=
github.com/uhppoted/uhppoted-lib v0.8.4/go.mod h1:oRVlZi/mBm6+2VUiYvkIHejuIA9MGE2Rob+293dAESk=
github.com/uhppoted/uhppoted-lib v0.8.5-0.20230323173011-5c3342984117 h1:vMbM9QOAoETIgyiEIuDFXfoWSbg00pjgjtHtKYKRlpk=
github.com/uhppoted/uhppoted-lib v0.8.5-0.20230323173011-5c3342984117/go.mod h1:PKx2myFWQv/1f3/7rJ4hhLh7PxhKytMvyV9j8SZScw0=
github.com/uhppoted/uhppoted-lib v0.8.5-0.20230328170917-1841478dba74 h1:tVKrQTe07rh435PUuXvV26GizEv/6mC1rbiVxFT0qT0=
github.com/uhppoted/uhppoted-lib v0.8.5-0.20230328170917-1841478dba74/go.mod h1:Y9vtzlt4bfJEAw5XGROJyPh9aMPUUuH9MdhoeDxDhmE=
github.com/uhppoted/uhppoted-lib v0.8.5-0.20230606184151-bf11be9b95f5 h1:Vdg1vh6k2W1Yf5yHWngFDVbDRqhngrasQATJNiE67cY=
github.com/uhppoted/uhppoted-lib v0.8.5-0.20230606184151-bf11be9b95f5/go.mod h1:XQgAFv5Do4RShVpgKpji/VmqFC8ipcsjo7Mnq2manj0=
github.com/uhppoted/uhppoted-lib v0.8.5-0.20230613171422-1f9293083395 h1:xbH2STvy1uIbY0VFiEkFzdaa0FfZqpQOW0asAP0JCBk=
github.com/uhppoted/uhppoted-lib v0.8.5-0.20230613171422-1f9293083395/go.mod h1:euK2cLO934w0GDgvvnWMjYNtZ29K1xSMrMse6THOzDQ=
github.com/uhppoted/uhppoted-lib v0.8.5 h1:X5RarX5QMRGJvOwPk8ceowrH8k6Ow3t+TraWmhYO950=
github.com/uhppoted/uhppoted-lib v0.8.5/go.mod h1:euK2cLO934w0GDgvvnWMjYNtZ29K1xSMrMse6THOzDQ=
github.com/uhppoted/uhppoted-lib v0.8.6-0.20230705170904-7837b1a58426 h1:CXrqOUADirDIeUSBMP9OhaCKvrqlFhQhCL0EbZu4ukQ=
github.com/uhppoted/uhppoted-lib v0.8.6-0.20230705170904-7837b1a58426/go.mod h1:3lLcVCtew+bIr0qftO/VsqmJLEoBaItX9rm9lLVusJE=
github.com/uhppoted/uhppoted-lib v0.8.6-0.20230801172006-853ac88d8561 h1:/5gqnYbqJQPtr73F2/KjnEvYLZunktgoWwLi3Az8k0I=
github.com/uhppoted/uhppoted-lib v0.8.6-0.20230801172006-853ac88d8561/go.mod h1:zSGqeMwRGELb9pUSlAKfDvrv9r/UTWBbMWAn8h6x4gE=
github.com/uhppoted/uhppoted-lib v0.8.6-0.20230828171114-c4c16c9779b6 h1:tSNH7NO/CwMQEQgfe7Hey051T/wljaFMuOlZ3xE2iBI=
github.com/uhppoted/uhppoted-lib v0.8.6-0.20230828171114-c4c16c9779b6/go.mod h1:uS48UcAjY5C1U6IeUmOVIqdvQXSNdOt8yGjeOs2JN48=
github.com/uhppoted/uhppoted-lib v0.8.6-0.20230829163646-27306dd01087 h1:CRNLM/huwQQQB288+hZo2j5GtFfA8z35Ud6hcLD7CjA=
github.com/uhppoted/uhppoted-lib v0.8.6-0.20230829163646-27306dd01087/go.mod h1:bqCKRPIG+nvKZqAtt47trUq3tVtmM2945ISNXJW2QZk=
github.com/uhppoted/uhppoted-lib v0.8.6 h1:6eVAkVeg5PYyrAo7Bu5w+sTBdpY2PziCH319DuekzJg=
github.com/uhppoted/uhppoted-lib v0.8.6/go.mod h1:bqCKRPIG+nvKZqAtt47trUq3tVtmM2945ISNXJW2QZk=
github.com/uhppoted/uhppoted-lib v0.8.7-0.20230830205318-6c396109f883 h1:XfapIzP+bZCJvn2gk1lA8pciyDv6btJLhqEzvJqW5BQ=
github.com/uhppoted/uhppoted-lib v0.8.7-0.20230830205318-6c396109f883/go.mod h1:ZPUXoOYbe5dqQDBVnv4maGidcN3tiK6lU3dMeOnHBe0=
github.com/uhppoted/uhppoted-lib v0.8.7-0.20230914181004-f434ae0f01b1 h1:mxvXOkymss632ELhdvLVVj2MthCi2+l+YkbZ5Qffu88=
github.com/uhppoted/uhppoted-lib v0.8.7-0.20230914181004-f434ae0f01b1/go.mod h1:/dSQtLva0vteYrIId5yg8i7ckoKrWadteipBKhLscBw=
github.com/uhppoted/uhppoted-lib v0.8.7-0.20230918183309-95af6f0742d1 h1:VjZP8WbI14d48cLGWlaNS0huR48He3Ycx/0IvIneVso=
github.com/uhppoted/uhppoted-lib v0.8.7-0.20230918183309-95af6f0742d1/go.mod h1:H/r/Uq7SP3whI+kZfGHsvrnnK+9NNv+vyQP4zDVzJjU=
github.com/uhppoted/uhppoted-lib v0.8.7-0.20231024172141-b454e52e3418 h1:mk0Qwa2mel8OnVtbMUCz6ae7mA5sB9kGr1VU/lHePhQ=
github.com/uhppoted/uhppoted-lib v0.8.7-0.20231024172141-b454e52e3418/go.mod h1:lZwvB02yeNGKaawUw/Jxns0rP7R8Ff4a6Mq9ckcUEBw=
