github.com/uhppoted/uhppote-core v0.8.4-0.20230216175650-be963131d496 h1:cRc3equKMdLtocEEAIqr4WSSxenS8OpVsEtfkgyGYCw=
github.com/uhppoted/uhppote-core v0.8.4-0.20230216175650-be963131d496/go.mod h1:q3xZZc7GMkCfpVnKNmdoZQDjvMHfPvH79VNai7HDH3s=
github.com/uhppoted/uhppote-core v0.8.4-0.20230310200819-ab269972ff1c h1:s5dqE9/gt+PzGX4k0P4QjrPWOiYQTkPPX38mkcoqglI=
github.com/uhppoted/uhppote-core v0.8.4-0.20230310200819-ab269972ff1c/go.mod h1:q3xZZc7GMkCfpVnKNmdoZQDjvMHfPvH79VNai7HDH3s=
github.com/uhppoted/uhppote-core v0.8.4-0.20230314173808-115adaf16b71 h1:Pf2pnfRVp2W5gbH7ENg7hU92ZzzX85MY9/qB1otiIxk=
github.com/uhppoted/uhppote-core v0.8.4-0.20230314173808-115adaf16b71/go.mod h1:q3xZZc7GMkCfpVnKNmdoZQDjvMHfPvH79VNai7HDH3s=
github.com/uhppoted/uhppote-core v0.8.4 h1:9bJgTej2xIGhYayLH7ZVHgxrmNyRVouUcd9diKEExHw=
github.com/uhppoted/uhppote-core v0.8.4/go.mod h1:q3xZZc7GMkCfpVnKNmdoZQDjvMHfPvH79VNai7HDH3s=
github.com/uhppoted/uhppote-core v0.8.5-0.20230323171731-26d6b35fc663 h1:uQg149umetub2/TdvBM/mqpJ9L5ptzvThCflWBUVQOQ=
github.com/uhppoted/uhppote-core v0.8.5-0.20230323171731-26d6b35fc663/go.mod h1:q3xZZc7GMkCfpVnKNmdoZQDjvMHfPvH79VNai7HDH3s=
github.com/uhppoted/uhppote-core v0.8.5-0.20230523192538-fcce3ed18ede h1:mO7T7GtqiTro7kXqZ3/wsrWfoi172FANXap4tqIhciI=
github.com/uhppoted/uhppote-core v0.8.5-0.20230523192538-fcce3ed18ede/go.mod h1:q3xZZc7GMkCfpVnKNmdoZQDjvMHfPvH79VNai7HDH3s=
github.com/uhppoted/uhppote-core v0.8.5-0.20230529200857-f0bca4a3988b h1:GES1j7OjRf6xPMPzDVeDlAS8EAQ1e9h6vDt/eBO/aPY=
github.com/uhppoted/uhppote-core v0.8.5-0.20230529200857-f0bca4a3988b/go.mod h1:q3xZZc7GMkCfpVnKNmdoZQDjvMHfPvH79VNai7HDH3s=
github.com/uhppoted/uhppote-core v0.8.5-0.20230613164149-bdc6a7d957cf h1:ZzfHhK5K2kKW13SyIf7ReAdTn15tgJlsUtSBCTsL2QU=
github.com/uhppoted/uhppote-core v0.8.5-0.20230613164149-bdc6a7d957cf/go.mod h1:q3xZZc7GMkCfpVnKNmdoZQDjvMHfPvH79VNai7HDH3s=
github.com/uhppoted/uhppote-core v0.8.5 h1:vkMtJ1+B7LK2Acx6T8Htc9J0NBh9qLHWKuEDHmZNVNE=
github.com/uhppoted/uhppote-core v0.8.5/go.mod h1:q3xZZc7GMkCfpVnKNmdoZQDjvMHfPvH79VNai7HDH3s=
github.com/uhppoted/uhppoted-lib v0.8.4-0.20230310200916-306486b2955c h1:HnVbHbJZVUAgj3KCOzqh9eMRYnjeLbKMJbGSfB8eVrY=
github.com/uhppoted/uhppoted-lib v0.8.4-0.20230310200916-306486b2955c/go.mod h1:epb+vO0AssQCN7Cy5pcZ5E3173OfFqXFV+gyLrmQDtM=
github.com/uhppoted/uhppoted-lib v0.8.4-0.20230314174701-2cbea1b37c20 h1:Ax+Xpx51lksyU2wpBm7OfZH0IUT+nCylne/3C4Dh2ZI=
github.com/uhppoted/uhppoted-lib v0.8.4-0.20230314174701-2cbea1b37c20/go.mod h1:Qg11921nzvS9roYG7aOOflsBI5F0nIJ1VpxqSSanvj8=
github.com/uhppoted/uhppoted-lib v0.8.4 h1:rAt5kf1o8YAcnNZUW6V/uSm+9CNYzQy6xL7ASggebB8=
github.com/uhppoted/uhppoted-lib v0.8.4/go.mod h1:oRVlZi/mBm6+2VUiYvkIHejuIA9MGE2Rob+293dAESk=
github.com/uhppoted/uhppoted-lib v0.8.5-0.20230323173011-5c3342984117 h1:vMbM9QOAoETIgyiEIuDFXfoWSbg00pjgjtHtKYKRlpk=
github.com/uhppoted/uhppoted-lib v0.8.5-0.20230323173011-5c3342984117/go.mod h1:PKx2myFWQv/1f3/7rJ4hhLh7PxhKytMvyV9j8SZScw0=
github.com/uhppoted/uhppoted-lib v0.8.5-0.20230328170917-1841478dba74 h1:tVKrQTe07rh435PUuXvV26GizEv/6mC1rbiVxFT0qT0=
github.com/uhppoted/uhppoted-lib v0.8.5-0.20230328170917-1841478dba74/go.mod h1:Y9vtzlt4bfJEAw5XGROJyPh9aMPUUuH9MdhoeDxDhmE=
github.com/uhppoted/uhppoted-lib v0.8.5-0.20230606184151-bf11be9b95f5 h1:Vdg1vh6k2W1Yf5yHWngFDVbDRqhngrasQATJNiE67cY=
github.com/uhppoted/uhppoted-lib v0.8.5-0.20230606184151-bf11be9b95f5/go.mod h1:XQgAFv5Do4RShVpgKpji/VmqFC8ipcsjo7Mnq2manj0=
github.com/uhppoted/uhppoted-lib v0.8.5-0.20230613171422-1f9293083395 h1:xbH2STvy1uIbY0VFiEkFzdaa0FfZqpQOW0asAP0JCBk=
github.com/uhppoted/uhppoted-lib v0.8.5-0.20230613171422-1f9293083395/go.mod h1:euK2cLO934w0GDgvvnWMjYNtZ29K1xSMrMse6THOzDQ=
github.com/uhppoted/uhppoted-lib v0.8.5 h1:X5RarX5QMRGJvOwPk8ceowrH8k6Ow3t+TraWmhYO950=
github.com/uhppoted/uhppoted-lib v0.8.5/go.mod h1:euK2cLO934w0GDgvvnWMjYNtZ29K1xSMrMse6THOzDQ=
