github.com/uhppoted/uhppote-core v0.8.9-0.20240604153627-4993b61f3ba6 h1:ltffa7TfO+mbR6VLURhlG/6ChkQSglpbN13wUYvQhUM=
github.com/uhppoted/uhppote-core v0.8.9-0.20240604153627-4993b61f3ba6/go.mod h1:Q+DHtT8s74efLs2b0eF20DRBUL9yBkySwaTQ+0lsEVM=
github.com/uhppoted/uhppote-core v0.8.9-0.20240605161320-cd6c0e95347b h1:8+6eR7uTFE5cD3tdbOjat2NoI/zS3Pj1eK4WXZvQweA=
github.com/uhppoted/uhppote-core v0.8.9-0.20240605161320-cd6c0e95347b/go.mod h1:Q+DHtT8s74efLs2b0eF20DRBUL9yBkySwaTQ+0lsEVM=
github.com/uhppoted/uhppote-core v0.8.9-0.20240606155158-a18316ae7528 h1:vNa68NNnTJITeZCfbreLiNT9OCbKQ3EUGByZ6PicEDc=
github.com/uhppoted/uhppote-core v0.8.9-0.20240606155158-a18316ae7528/go.mod h1:Q+DHtT8s74efLs2b0eF20DRBUL9yBkySwaTQ+0lsEVM=
github.com/uhppoted/uhppote-core v0.8.9-0.20240617170953-4d35e4f646db h1:5ewkOnvyvGwN+t0wl9TyNWAEHNf7JrLcYV/0QoE1UVs=
github.com/uhppoted/uhppote-core v0.8.9-0.20240617170953-4d35e4f646db/go.mod h1:Q+DHtT8s74efLs2b0eF20DRBUL9yBkySwaTQ+0lsEVM=
github.com/uhppoted/uhppote-core v0.8.9-0.20240716175228-f9eb59015579 h1:SIw99yYgk6HWD3WWUl2G7+zqnWsu8oILtCusyRC+oXI=
github.com/uhppoted/uhppote-core v0.8.9-0.20240716175228-f9eb59015579/go.mod h1:Q+DHtT8s74efLs2b0eF20DRBUL9yBkySwaTQ+0lsEVM=
github.com/uhppoted/uhppote-core v0.8.9-0.20240823182843-e0981da9c4a4 h1:7zcs93hYt0sBp+kCIbgju4Tgc1zvaRVgReksSs4K1uM=
github.com/uhppoted/uhppote-core v0.8.9-0.20240823182843-e0981da9c4a4/go.mod h1:oUQdz4NBMXkcwzEHUd6lYQgF6He32+jnb+FMwehZRwg=
github.com/uhppoted/uhppote-core v0.8.9-0.20240905182113-96b4c7f5bb0e h1:4K/9n6bxViy4GC2fZVO3N5onun4/glU3gOYY6aczO/M=
github.com/uhppoted/uhppote-core v0.8.9-0.20240905182113-96b4c7f5bb0e/go.mod h1:oUQdz4NBMXkcwzEHUd6lYQgF6He32+jnb+FMwehZRwg=
github.com/uhppoted/uhppote-core v0.8.9 h1:1+PE/rSS5fWJfPZ97UXkRBWHmp/h80QLgQ+P3942WZU=
github.com/uhppoted/uhppote-core v0.8.9/go.mod h1:oUQdz4NBMXkcwzEHUd6lYQgF6He32+jnb+FMwehZRwg=
github.com/uhppoted/uhppote-core v0.8.10-0.20241004174540-7675ee2e4254 h1:sLBIaNzUUHdWpTiMQd+0Havgl2ryEe4BscuhWPMzn6o=
github.com/uhppoted/uhppote-core v0.8.10-0.20241004174540-7675ee2e4254/go.mod h1:oUQdz4NBMXkcwzEHUd6lYQgF6He32+jnb+FMwehZRwg=
github.com/uhppoted/uhppote-core v0.8.10-0.20250121172632-08d73ff3689e h1:DvyHhEyy3u1Kos2YMRywapRV+T5eYozMQ9PFpUMmsps=
github.com/uhppoted/uhppote-core v0.8.10-0.20250121172632-08d73ff3689e/go.mod h1:oUQdz4NBMXkcwzEHUd6lYQgF6He32+jnb+FMwehZRwg=
github.com/uhppoted/uhppote-core v0.8.10 h1:A5knaNVpYib10seqevKLWLrAlrgDtY8jMTir/vvhCZw=
github.com/uhppoted/uhppote-core v0.8.10/go.mod h1:oUQdz4NBMXkcwzEHUd6lYQgF6He32+jnb+FMwehZRwg=
github.com/uhppoted/uhppote-core v0.8.11-0.20250331165159-e04fd7de7eab h1:WNEcaWNUVuho2fxlXf4Uj+8K6mpO/lloQGkSjorHaAY=
github.com/uhppoted/uhppote-core v0.8.11-0.20250331165159-e04fd7de7eab/go.mod h1:s6QikGwy+nS7nZjgba/k8ugszVreqgqGg7oxDgnLLGg=
github.com/uhppoted/uhppote-core v0.8.11-0.20250630152948-3fa2ff3ed29a h1:sfRTBQoQfN5w1SdKcG/7/Baz6/N9WVulV/hvvBPazF4=
github.com/uhppoted/uhppote-core v0.8.11-0.20250630152948-3fa2ff3ed29a/go.mod h1:s6QikGwy+nS7nZjgba/k8ugszVreqgqGg7oxDgnLLGg=
github.com/uhppoted/uhppote-core v0.8.11 h1:VYKJYvMB9EOQ9Rs6ODc+KMc332heqD+N92XpZPzHtCk=
github.com/uhppoted/uhppote-core v0.8.11/go.mod h1:s6QikGwy+nS7nZjgba/k8ugszVreqgqGg7oxDgnLLGg=
github.com/uhppoted/uhppote-core v0.8.12-0.20251216183015-7fd902fc60da h1:HVLiUWTxcxXejF5vPKPjJxYS2Fsm+T+pL/pHJSBr6tU=
github.com/uhppoted/uhppote-core v0.8.12-0.20251216183015-7fd902fc60da/go.mod h1:GJkiDMJuWfEKHuEoJYpW+5KIjRoMXWcQjNZqw2Fc4VE=
github.com/uhppoted/uhppote-core v0.8.12-0.20260126210809-bb9fa275a0ab h1:Z6qOIu0npeLhICYMylFDrdrPuUpYO3Ns7IWhQr4w8bQ=
github.com/uhppoted/uhppote-core v0.8.12-0.20260126210809-bb9fa275a0ab/go.mod h1:GJkiDMJuWfEKHuEoJYpW+5KIjRoMXWcQjNZqw2Fc4VE=
github.com/uhppoted/uhppote-core v0.8.12-0.20260127180646-56eb6db30bbf h1:+Ej30LStcwHY1mwX+/4aUTXgupmsZ1b0V5eBjRMdKNc=
github.com/uhppoted/uhppote-core v0.8.12-0.20260127180646-56eb6db30bbf/go.mod h1:GJkiDMJuWfEKHuEoJYpW+5KIjRoMXWcQjNZqw2Fc4VE=
github.com/uhppoted/uhppote-core v0.9.0 h1:oFzx3ugUikVe97KNfivNXCrPRpJciHQ8jW0K4znFXOY=
github.com/uhppoted/uhppote-core v0.9.0/go.mod h1:GJkiDMJuWfEKHuEoJYpW+5KIjRoMXWcQjNZqw2Fc4VE=
github.com/uhppoted/uhppoted-lib v0.8.9-0.20240605161930-54dea6fc78b1 h1:T1tGRfDa/jN9apkZtiid5FmHMMxjNXuazp7Mi9J4K/U=
github.com/uhppoted/uhppoted-lib v0.8.9-0.20240605161930-54dea6fc78b1/go.mod h1:di+eHPBWGIN6UwtmjXNPzmKZyoE8VL7f1KDbbw1cFzQ=
github.com/uhppoted/uhppoted-lib v0.8.9-0.20240606160456-0430d2c98f6d h1:tc5XXgrJMMZT8kogXpBJkt4QMO/UYbOIyLVRtxzbp24=
github.com/uhppoted/uhppoted-lib v0.8.9-0.20240606160456-0430d2c98f6d/go.mod h1:9o0r7f2N16ZF4ryNQZOa84e9bByEkP/5YwCwLim0Q3s=
github.com/uhppoted/uhppoted-lib v0.8.9-0.20240610150828-0d96323cdb39 h1:j37jLXTmJzJixityUex3bQJkqZXCa91w4JrW/1cajAc=
github.com/uhppoted/uhppoted-lib v0.8.9-0.20240610150828-0d96323cdb39/go.mod h1:9o0r7f2N16ZF4ryNQZOa84e9bByEkP/5YwCwLim0Q3s=
github.com/uhppoted/uhppoted-lib v0.8.9-0.20240617172854-6a8488c7ac5d h1:g/swcrEdpnTaStqL2OBGTTw7Wd864R6jvRy4JxHeTsw=
github.com/uhppoted/uhppoted-lib v0.8.9-0.20240617172854-6a8488c7ac5d/go.mod h1:2Q4sb+VcmC1gKSH/pIWmlUi/CqA84dGKiN6oetiiBs4=
github.com/uhppoted/uhppoted-lib v0.8.9-0.20240717190652-3cba80bbe946 h1:SUTQJKUL1HSYJ8s9Y0vtnkETfmwHyzOGWEk6UlEthsk=
github.com/uhppoted/uhppoted-lib v0.8.9-0.20240717190652-3cba80bbe946/go.mod h1:UR2rBdDHL0lo8Tgt8RkemWBo1RRuU+jaN43RZPtVMvI=
github.com/uhppoted/uhppoted-lib v0.8.9-0.20240814183232-228a330a26e2 h1:zLOOyFut6cjSyeOay8zXH+AuiXjo+zwgujn156/vFAs=
github.com/uhppoted/uhppoted-lib v0.8.9-0.20240814183232-228a330a26e2/go.mod h1:0/apbyGsubo2DxF3ZE5B9oFrDOuwPhawpFTGN8x2XZc=
github.com/uhppoted/uhppoted-lib v0.8.9-0.20240823183521-d127a710cea0 h1:ZD9n1Q6w2ykR2KoORUKo2s4lFLiWsCwMj5ByYec12bU=
github.com/uhppoted/uhppoted-lib v0.8.9-0.20240823183521-d127a710cea0/go.mod h1:vz01fBAy8QYbwUGBCfFEZh5naPt9Ma6SHlzp/SIRLcE=
github.com/uhppoted/uhppoted-lib v0.8.9-0.20240827173223-f5262c207d8b h1:ItQCO+PnhGKlyOwn4SEpxq+pw7VXRy/+72mz4TM+yaE=
github.com/uhppoted/uhppoted-lib v0.8.9-0.20240827173223-f5262c207d8b/go.mod h1:vz01fBAy8QYbwUGBCfFEZh5naPt9Ma6SHlzp/SIRLcE=
github.com/uhppoted/uhppoted-lib v0.8.9 h1:PQmlZeESlYhLfkGpBxTeRyQaD2b3melImtcsgb8VVhw=
github.com/uhppoted/uhppoted-lib v0.8.9/go.mod h1:tQgA5Jno0R2g8hlv7Wi52vVZYmdB9DFFLehLWLHuuKU=
github.com/uhppoted/uhppoted-lib v0.8.10-0.20241007153101-aa559cf3e032 h1:2UesZ2POpC2fHiyiAaiswTv9SfMHZPzUMkg3hd++buA=
github.com/uhppoted/uhppoted-lib v0.8.10-0.20241007153101-aa559cf3e032/go.mod h1:v3TrajHALeSIL2n7kHECWVNwTR8bSBY07mIDBnPnZiE=
github.com/uhppoted/uhppoted-lib v0.8.10-0.20250121173211-01a4a14fc786 h1:fjY2YPdbmBG+m07n1DArY7OCfW0yzzhFSGw9miXyY7Y=
github.com/uhppoted/uhppoted-lib v0.8.10-0.20250121173211-01a4a14fc786/go.mod h1:8gpUlPmSpWWFWvQIHy4ALcTqbQS5iUO0m9MWDPaNI/g=
github.com/uhppoted/uhppoted-lib v0.8.10 h1:PRpgOV6HDu5GNKyLKj2dIZRZtPeXk8IPI+88rXBRuwM=
github.com/uhppoted/uhppoted-lib v0.8.10/go.mod h1:610uszDzwnJ9ydPnFHE1JwHfo5Pr9zbpvoqddBfNKvs=
github.com/uhppoted/uhppoted-lib v0.8.11-0.20250331180353-7ccb6f69d17e h1:WZSCfdpqoQeRzNGC72RMS+iMESbkQ9POC25HICvBBe4=
github.com/uhppoted/uhppoted-lib v0.8.11-0.20250331180353-7ccb6f69d17e/go.mod h1:l/PougoF5uQzmXRIQ5LPNnkAGFqrhv+rYWrG63xjGCc=
github.com/uhppoted/uhppoted-lib v0.8.11 h1:Tzim+svXvmWjpFkz8MsBOP/YQPbF/+MONV+MUKfzpzw=
github.com/uhppoted/uhppoted-lib v0.8.11/go.mod h1:+IUmCvFe/KJ5oTiBBmyh65ohlGP9Tu6Avx2pnIQHigE=
github.com/uhppoted/uhppoted-lib v0.8.13-0.20251217184115-91f0748e3aac h1:tvlHDndDsiLZqI56/7jONo+zDg+u2hKO+dV5qr7+NbY=
github.com/uhppoted/uhppoted-lib v0.8.13-0.20251217184115-91f0748e3aac/go.mod h1:Ak05PSYjUE30vUrLhwcoWJ5XtK8RRjM55Zowr4POoI0=
github.com/uhppoted/uhppoted-lib v0.8.13-0.20260126210911-425be6bee6e6 h1:mk7CGofdxe3EigmR78X2s4XBd0Z2zJb6iN31VxCEXVI=
github.com/uhppoted/uhppoted-lib v0.8.13-0.20260126210911-425be6bee6e6/go.mod h1:HcEUJ+v+gduhsOauEZp7uBnS1W20THmXO0UtA/puYLk=
github.com/uhppoted/uhppoted-lib v0.9.0 h1:vzEqI7ylBlGhr9NeYKybUS4n3qbMW+q6PJyKPFvW1Gs=
github.com/uhppoted/uhppoted-lib v0.9.0/go.mod h1:+cEbfc6M4kXCSvjzOzSad08c7kU1AevbvJRZMfYtzq4=
