
Microsoft Visual Studio Solution File, Format Version 12.00
# Visual Studio Version 17
VisualStudioVersion = 17.8.34309.116
MinimumVisualStudioVersion = 10.0.40219.1
Project("{9A19103F-16F7-4668-BE54-9A1E7A4F7556}") = "uhppoted-dll-cli", "uhppoted-dll-cli.csproj", "{148C4D15-0B15-44C4-B60E-C5A9B9105EB5}"
EndProject
Global
	GlobalSection(SolutionConfigurationPlatforms) = preSolution
		Debug|Any CPU = Debug|Any CPU
		Release|Any CPU = Release|Any CPU
	EndGlobalSection
	GlobalSection(ProjectConfigurationPlatforms) = postSolution
		{148C4D15-0B15-44C4-B60E-C5A9B9105EB5}.Debug|Any CPU.ActiveCfg = Debug|Any CPU
		{148C4D15-0B15-44C4-B60E-C5A9B9105EB5}.Debug|Any CPU.Build.0 = Debug|Any CPU
		{148C4D15-0B15-44C4-B60E-C5A9B9105EB5}.Release|Any CPU.ActiveCfg = Release|Any CPU
		{148C4D15-0B15-44C4-B60E-C5A9B9105EB5}.Release|Any CPU.Build.0 = Release|Any CPU
	EndGlobalSection
	GlobalSection(SolutionProperties) = preSolution
		HideSolutionNode = FALSE
	EndGlobalSection
	GlobalSection(ExtensibilityGlobals) = postSolution
		SolutionGuid = {C9119DA7-F137-4689-A504-AB558CEA7629}
	EndGlobalSection
EndGlobal
