
Microsoft Visual Studio Solution File, Format Version 12.00
# Visual Studio Version 17
VisualStudioVersion = 17.10.35027.167
MinimumVisualStudioVersion = 10.0.40219.1
Project("{F184B08F-C81C-45F6-A57F-5ABD9991F28F}") = "uhppoted-dll-gui", "uhppoted-dll-gui.vbproj", "{1B8BBA2A-33F1-4AD1-B0C9-18E531B67F98}"
EndProject
Global
	GlobalSection(SolutionConfigurationPlatforms) = preSolution
		Debug|Any CPU = Debug|Any CPU
		Release|Any CPU = Release|Any CPU
	EndGlobalSection
	GlobalSection(ProjectConfigurationPlatforms) = postSolution
		{1B8BBA2A-33F1-4AD1-B0C9-18E531B67F98}.Debug|Any CPU.ActiveCfg = Debug|Any CPU
		{1B8BBA2A-33F1-4AD1-B0C9-18E531B67F98}.Debug|Any CPU.Build.0 = Debug|Any CPU
		{1B8BBA2A-33F1-4AD1-B0C9-18E531B67F98}.Release|Any CPU.ActiveCfg = Release|Any CPU
		{1B8BBA2A-33F1-4AD1-B0C9-18E531B67F98}.Release|Any CPU.Build.0 = Release|Any CPU
	EndGlobalSection
	GlobalSection(SolutionProperties) = preSolution
		HideSolutionNode = FALSE
	EndGlobalSection
	GlobalSection(ExtensibilityGlobals) = postSolution
		SolutionGuid = {7FAF51CC-015E-4481-9130-82226952F95A}
	EndGlobalSection
EndGlobal
